// !$*UTF8*$!
{
	archiveVersion = 1;
	classes = {
	};
	objectVersion = 51;
	objects = {

/* Begin PBXBuildFile section */
		14D06C4E1C8F844C1112070D /* Pods_ParstagramTests.framework in Frameworks */ = {isa = PBXBuildFile; fileRef = 270CE948962834549529A6C6 /* Pods_ParstagramTests.framework */; };
		A48540AC7EE1380CB6924AC6 /* Pods_Parstagram_ParstagramUITests.framework in Frameworks */ = {isa = PBXBuildFile; fileRef = 34281608D09747DAD41744C9 /* Pods_Parstagram_ParstagramUITests.framework */; };
		AB21BAAF7475BEE94B56D074 /* Pods_Parstagram.framework in Frameworks */ = {isa = PBXBuildFile; fileRef = 11193A881424426ECBD72824 /* Pods_Parstagram.framework */; };
		C826ADAA26B8BD220022EC77 /* CameraViewController.swift in Sources */ = {isa = PBXBuildFile; fileRef = C826ADA926B8BD220022EC77 /* CameraViewController.swift */; };
		C826ADAF26B8CF880022EC77 /* PostCell.swift in Sources */ = {isa = PBXBuildFile; fileRef = C826ADAE26B8CF880022EC77 /* PostCell.swift */; };
		C867D06326B7585A00B75487 /* AppDelegate.swift in Sources */ = {isa = PBXBuildFile; fileRef = C867D06226B7585A00B75487 /* AppDelegate.swift */; };
		C867D06526B7585A00B75487 /* SceneDelegate.swift in Sources */ = {isa = PBXBuildFile; fileRef = C867D06426B7585A00B75487 /* SceneDelegate.swift */; };
		C867D06A26B7585A00B75487 /* Main.storyboard in Resources */ = {isa = PBXBuildFile; fileRef = C867D06826B7585A00B75487 /* Main.storyboard */; };
		C867D06C26B7585D00B75487 /* Assets.xcassets in Resources */ = {isa = PBXBuildFile; fileRef = C867D06B26B7585D00B75487 /* Assets.xcassets */; };
		C867D06F26B7585D00B75487 /* LaunchScreen.storyboard in Resources */ = {isa = PBXBuildFile; fileRef = C867D06D26B7585D00B75487 /* LaunchScreen.storyboard */; };
		C867D07A26B7585D00B75487 /* ParstagramTests.swift in Sources */ = {isa = PBXBuildFile; fileRef = C867D07926B7585D00B75487 /* ParstagramTests.swift */; };
		C867D08526B7585D00B75487 /* ParstagramUITests.swift in Sources */ = {isa = PBXBuildFile; fileRef = C867D08426B7585D00B75487 /* ParstagramUITests.swift */; };
		C867D0A726B75C2100B75487 /* LoginViewController.swift in Sources */ = {isa = PBXBuildFile; fileRef = C867D0A626B75C2100B75487 /* LoginViewController.swift */; };
		C867D0AC26B75C2F00B75487 /* FeedViewController.swift in Sources */ = {isa = PBXBuildFile; fileRef = C867D0AB26B75C2F00B75487 /* FeedViewController.swift */; };
/* End PBXBuildFile section */

/* Begin PBXContainerItemProxy section */
		C867D07626B7585D00B75487 /* PBXContainerItemProxy */ = {
			isa = PBXContainerItemProxy;
			containerPortal = C867D05726B7585A00B75487 /* Project object */;
			proxyType = 1;
			remoteGlobalIDString = C867D05E26B7585A00B75487;
			remoteInfo = Parstagram;
		};
		C867D08126B7585D00B75487 /* PBXContainerItemProxy */ = {
			isa = PBXContainerItemProxy;
			containerPortal = C867D05726B7585A00B75487 /* Project object */;
			proxyType = 1;
			remoteGlobalIDString = C867D05E26B7585A00B75487;
			remoteInfo = Parstagram;
		};
/* End PBXContainerItemProxy section */

/* Begin PBXFileReference section */
		11193A881424426ECBD72824 /* Pods_Parstagram.framework */ = {isa = PBXFileReference; explicitFileType = wrapper.framework; includeInIndex = 0; path = Pods_Parstagram.framework; sourceTree = BUILT_PRODUCTS_DIR; };
		270CE948962834549529A6C6 /* Pods_ParstagramTests.framework */ = {isa = PBXFileReference; explicitFileType = wrapper.framework; includeInIndex = 0; path = Pods_ParstagramTests.framework; sourceTree = BUILT_PRODUCTS_DIR; };
		2EB28C6EB6E0DD53280F5F0D /* Pods-ParstagramTests.release.xcconfig */ = {isa = PBXFileReference; includeInIndex = 1; lastKnownFileType = text.xcconfig; name = "Pods-ParstagramTests.release.xcconfig"; path = "Target Support Files/Pods-ParstagramTests/Pods-ParstagramTests.release.xcconfig"; sourceTree = "<group>"; };
		34281608D09747DAD41744C9 /* Pods_Parstagram_ParstagramUITests.framework */ = {isa = PBXFileReference; explicitFileType = wrapper.framework; includeInIndex = 0; path = Pods_Parstagram_ParstagramUITests.framework; sourceTree = BUILT_PRODUCTS_DIR; };
		42565BAA597495B9013806CC /* Pods-Parstagram.debug.xcconfig */ = {isa = PBXFileReference; includeInIndex = 1; lastKnownFileType = text.xcconfig; name = "Pods-Parstagram.debug.xcconfig"; path = "Target Support Files/Pods-Parstagram/Pods-Parstagram.debug.xcconfig"; sourceTree = "<group>"; };
		83C3A85662032F99B8FE9D30 /* Pods-Parstagram.release.xcconfig */ = {isa = PBXFileReference; includeInIndex = 1; lastKnownFileType = text.xcconfig; name = "Pods-Parstagram.release.xcconfig"; path = "Target Support Files/Pods-Parstagram/Pods-Parstagram.release.xcconfig"; sourceTree = "<group>"; };
		C5B04BB4758177227646B83A /* Pods-ParstagramTests.debug.xcconfig */ = {isa = PBXFileReference; includeInIndex = 1; lastKnownFileType = text.xcconfig; name = "Pods-ParstagramTests.debug.xcconfig"; path = "Target Support Files/Pods-ParstagramTests/Pods-ParstagramTests.debug.xcconfig"; sourceTree = "<group>"; };
		C826ADA926B8BD220022EC77 /* CameraViewController.swift */ = {isa = PBXFileReference; lastKnownFileType = sourcecode.swift; path = CameraViewController.swift; sourceTree = "<group>"; };
		C826ADAE26B8CF880022EC77 /* PostCell.swift */ = {isa = PBXFileReference; lastKnownFileType = sourcecode.swift; path = PostCell.swift; sourceTree = "<group>"; };
		C867D05F26B7585A00B75487 /* Parstagram.app */ = {isa = PBXFileReference; explicitFileType = wrapper.application; includeInIndex = 0; path = Parstagram.app; sourceTree = BUILT_PRODUCTS_DIR; };
		C867D06226B7585A00B75487 /* AppDelegate.swift */ = {isa = PBXFileReference; lastKnownFileType = sourcecode.swift; path = AppDelegate.swift; sourceTree = "<group>"; };
		C867D06426B7585A00B75487 /* SceneDelegate.swift */ = {isa = PBXFileReference; lastKnownFileType = sourcecode.swift; path = SceneDelegate.swift; sourceTree = "<group>"; };
		C867D06926B7585A00B75487 /* Base */ = {isa = PBXFileReference; lastKnownFileType = file.storyboard; name = Base; path = Base.lproj/Main.storyboard; sourceTree = "<group>"; };
		C867D06B26B7585D00B75487 /* Assets.xcassets */ = {isa = PBXFileReference; lastKnownFileType = folder.assetcatalog; path = Assets.xcassets; sourceTree = "<group>"; };
		C867D06E26B7585D00B75487 /* Base */ = {isa = PBXFileReference; lastKnownFileType = file.storyboard; name = Base; path = Base.lproj/LaunchScreen.storyboard; sourceTree = "<group>"; };
		C867D07026B7585D00B75487 /* Info.plist */ = {isa = PBXFileReference; lastKnownFileType = text.plist.xml; path = Info.plist; sourceTree = "<group>"; };
		C867D07526B7585D00B75487 /* ParstagramTests.xctest */ = {isa = PBXFileReference; explicitFileType = wrapper.cfbundle; includeInIndex = 0; path = ParstagramTests.xctest; sourceTree = BUILT_PRODUCTS_DIR; };
		C867D07926B7585D00B75487 /* ParstagramTests.swift */ = {isa = PBXFileReference; lastKnownFileType = sourcecode.swift; path = ParstagramTests.swift; sourceTree = "<group>"; };
		C867D07B26B7585D00B75487 /* Info.plist */ = {isa = PBXFileReference; lastKnownFileType = text.plist.xml; path = Info.plist; sourceTree = "<group>"; };
		C867D08026B7585D00B75487 /* ParstagramUITests.xctest */ = {isa = PBXFileReference; explicitFileType = wrapper.cfbundle; includeInIndex = 0; path = ParstagramUITests.xctest; sourceTree = BUILT_PRODUCTS_DIR; };
		C867D08426B7585D00B75487 /* ParstagramUITests.swift */ = {isa = PBXFileReference; lastKnownFileType = sourcecode.swift; path = ParstagramUITests.swift; sourceTree = "<group>"; };
		C867D08626B7585D00B75487 /* Info.plist */ = {isa = PBXFileReference; lastKnownFileType = text.plist.xml; path = Info.plist; sourceTree = "<group>"; };
		C867D0A626B75C2100B75487 /* LoginViewController.swift */ = {isa = PBXFileReference; lastKnownFileType = sourcecode.swift; path = LoginViewController.swift; sourceTree = "<group>"; };
		C867D0AB26B75C2F00B75487 /* FeedViewController.swift */ = {isa = PBXFileReference; lastKnownFileType = sourcecode.swift; path = FeedViewController.swift; sourceTree = "<group>"; };
		D0E340D8EA53934CD42DE20C /* Pods-Parstagram-ParstagramUITests.release.xcconfig */ = {isa = PBXFileReference; includeInIndex = 1; lastKnownFileType = text.xcconfig; name = "Pods-Parstagram-ParstagramUITests.release.xcconfig"; path = "Target Support Files/Pods-Parstagram-ParstagramUITests/Pods-Parstagram-ParstagramUITests.release.xcconfig"; sourceTree = "<group>"; };
		EB938A72881821E57B135AAF /* Pods-Parstagram-ParstagramUITests.debug.xcconfig */ = {isa = PBXFileReference; includeInIndex = 1; lastKnownFileType = text.xcconfig; name = "Pods-Parstagram-ParstagramUITests.debug.xcconfig"; path = "Target Support Files/Pods-Parstagram-ParstagramUITests/Pods-Parstagram-ParstagramUITests.debug.xcconfig"; sourceTree = "<group>"; };
/* End PBXFileReference section */

/* Begin PBXFrameworksBuildPhase section */
		C867D05C26B7585A00B75487 /* Frameworks */ = {
			isa = PBXFrameworksBuildPhase;
			buildActionMask = 2147483647;
			files = (
				AB21BAAF7475BEE94B56D074 /* Pods_Parstagram.framework in Frameworks */,
			);
			runOnlyForDeploymentPostprocessing = 0;
		};
		C867D07226B7585D00B75487 /* Frameworks */ = {
			isa = PBXFrameworksBuildPhase;
			buildActionMask = 2147483647;
			files = (
				14D06C4E1C8F844C1112070D /* Pods_ParstagramTests.framework in Frameworks */,
			);
			runOnlyForDeploymentPostprocessing = 0;
		};
		C867D07D26B7585D00B75487 /* Frameworks */ = {
			isa = PBXFrameworksBuildPhase;
			buildActionMask = 2147483647;
			files = (
				A48540AC7EE1380CB6924AC6 /* Pods_Parstagram_ParstagramUITests.framework in Frameworks */,
			);
			runOnlyForDeploymentPostprocessing = 0;
		};
/* End PBXFrameworksBuildPhase section */

/* Begin PBXGroup section */
		74CBE45E80FFE66A4754EDC6 /* Frameworks */ = {
			isa = PBXGroup;
			children = (
				11193A881424426ECBD72824 /* Pods_Parstagram.framework */,
				34281608D09747DAD41744C9 /* Pods_Parstagram_ParstagramUITests.framework */,
				270CE948962834549529A6C6 /* Pods_ParstagramTests.framework */,
			);
			name = Frameworks;
			sourceTree = "<group>";
		};
		82FB8658EBB3D42876E27EE1 /* Pods */ = {
			isa = PBXGroup;
			children = (
				42565BAA597495B9013806CC /* Pods-Parstagram.debug.xcconfig */,
				83C3A85662032F99B8FE9D30 /* Pods-Parstagram.release.xcconfig */,
				EB938A72881821E57B135AAF /* Pods-Parstagram-ParstagramUITests.debug.xcconfig */,
				D0E340D8EA53934CD42DE20C /* Pods-Parstagram-ParstagramUITests.release.xcconfig */,
				C5B04BB4758177227646B83A /* Pods-ParstagramTests.debug.xcconfig */,
				2EB28C6EB6E0DD53280F5F0D /* Pods-ParstagramTests.release.xcconfig */,
			);
			path = Pods;
			sourceTree = "<group>";
		};
		C867D05626B7585A00B75487 = {
			isa = PBXGroup;
			children = (
				C867D06126B7585A00B75487 /* Parstagram */,
				C867D07826B7585D00B75487 /* ParstagramTests */,
				C867D08326B7585D00B75487 /* ParstagramUITests */,
				C867D06026B7585A00B75487 /* Products */,
				82FB8658EBB3D42876E27EE1 /* Pods */,
				74CBE45E80FFE66A4754EDC6 /* Frameworks */,
			);
			sourceTree = "<group>";
		};
		C867D06026B7585A00B75487 /* Products */ = {
			isa = PBXGroup;
			children = (
				C867D05F26B7585A00B75487 /* Parstagram.app */,
				C867D07526B7585D00B75487 /* ParstagramTests.xctest */,
				C867D08026B7585D00B75487 /* ParstagramUITests.xctest */,
			);
			name = Products;
			sourceTree = "<group>";
		};
		C867D06126B7585A00B75487 /* Parstagram */ = {
			isa = PBXGroup;
			children = (
				C867D06226B7585A00B75487 /* AppDelegate.swift */,
				C867D06426B7585A00B75487 /* SceneDelegate.swift */,
				C867D06826B7585A00B75487 /* Main.storyboard */,
				C867D06B26B7585D00B75487 /* Assets.xcassets */,
				C867D06D26B7585D00B75487 /* LaunchScreen.storyboard */,
				C867D07026B7585D00B75487 /* Info.plist */,
				C867D0A626B75C2100B75487 /* LoginViewController.swift */,
				C867D0AB26B75C2F00B75487 /* FeedViewController.swift */,
				C826ADA926B8BD220022EC77 /* CameraViewController.swift */,
				C826ADAE26B8CF880022EC77 /* PostCell.swift */,
			);
			path = Parstagram;
			sourceTree = "<group>";
		};
		C867D07826B7585D00B75487 /* ParstagramTests */ = {
			isa = PBXGroup;
			children = (
				C867D07926B7585D00B75487 /* ParstagramTests.swift */,
				C867D07B26B7585D00B75487 /* Info.plist */,
			);
			path = ParstagramTests;
			sourceTree = "<group>";
		};
		C867D08326B7585D00B75487 /* ParstagramUITests */ = {
			isa = PBXGroup;
			children = (
				C867D08426B7585D00B75487 /* ParstagramUITests.swift */,
				C867D08626B7585D00B75487 /* Info.plist */,
			);
			path = ParstagramUITests;
			sourceTree = "<group>";
		};
/* End PBXGroup section */

/* Begin PBXNativeTarget section */
		C867D05E26B7585A00B75487 /* Parstagram */ = {
			isa = PBXNativeTarget;
			buildConfigurationList = C867D08926B7585D00B75487 /* Build configuration list for PBXNativeTarget "Parstagram" */;
			buildPhases = (
				D065E3CF546115FFDDE27A6C /* [CP] Check Pods Manifest.lock */,
				C867D05B26B7585A00B75487 /* Sources */,
				C867D05C26B7585A00B75487 /* Frameworks */,
				C867D05D26B7585A00B75487 /* Resources */,
				27CDC4E28779902EA05C9593 /* [CP] Embed Pods Frameworks */,
			);
			buildRules = (
			);
			dependencies = (
			);
			name = Parstagram;
			productName = Parstagram;
			productReference = C867D05F26B7585A00B75487 /* Parstagram.app */;
			productType = "com.apple.product-type.application";
		};
		C867D07426B7585D00B75487 /* ParstagramTests */ = {
			isa = PBXNativeTarget;
			buildConfigurationList = C867D08C26B7585D00B75487 /* Build configuration list for PBXNativeTarget "ParstagramTests" */;
			buildPhases = (
				6A6D0F969FC39697A536CA7D /* [CP] Check Pods Manifest.lock */,
				C867D07126B7585D00B75487 /* Sources */,
				C867D07226B7585D00B75487 /* Frameworks */,
				C867D07326B7585D00B75487 /* Resources */,
			);
			buildRules = (
			);
			dependencies = (
				C867D07726B7585D00B75487 /* PBXTargetDependency */,
			);
			name = ParstagramTests;
			productName = ParstagramTests;
			productReference = C867D07526B7585D00B75487 /* ParstagramTests.xctest */;
			productType = "com.apple.product-type.bundle.unit-test";
		};
		C867D07F26B7585D00B75487 /* ParstagramUITests */ = {
			isa = PBXNativeTarget;
			buildConfigurationList = C867D08F26B7585D00B75487 /* Build configuration list for PBXNativeTarget "ParstagramUITests" */;
			buildPhases = (
				317CE8DDA91D4EDB7F3C77DF /* [CP] Check Pods Manifest.lock */,
				C867D07C26B7585D00B75487 /* Sources */,
				C867D07D26B7585D00B75487 /* Frameworks */,
				C867D07E26B7585D00B75487 /* Resources */,
				7F316DE912C868B2F10F5083 /* [CP] Embed Pods Frameworks */,
			);
			buildRules = (
			);
			dependencies = (
				C867D08226B7585D00B75487 /* PBXTargetDependency */,
			);
			name = ParstagramUITests;
			productName = ParstagramUITests;
			productReference = C867D08026B7585D00B75487 /* ParstagramUITests.xctest */;
			productType = "com.apple.product-type.bundle.ui-testing";
		};
/* End PBXNativeTarget section */

/* Begin PBXProject section */
		C867D05726B7585A00B75487 /* Project object */ = {
			isa = PBXProject;
			attributes = {
				LastSwiftUpdateCheck = 1240;
				LastUpgradeCheck = 1240;
				TargetAttributes = {
					C867D05E26B7585A00B75487 = {
						CreatedOnToolsVersion = 12.4;
					};
					C867D07426B7585D00B75487 = {
						CreatedOnToolsVersion = 12.4;
						TestTargetID = C867D05E26B7585A00B75487;
					};
					C867D07F26B7585D00B75487 = {
						CreatedOnToolsVersion = 12.4;
						TestTargetID = C867D05E26B7585A00B75487;
					};
				};
			};
			buildConfigurationList = C867D05A26B7585A00B75487 /* Build configuration list for PBXProject "Parstagram" */;
			compatibilityVersion = "Xcode 9.3";
			developmentRegion = en;
			hasScannedForEncodings = 0;
			knownRegions = (
				en,
				Base,
			);
			mainGroup = C867D05626B7585A00B75487;
			productRefGroup = C867D06026B7585A00B75487 /* Products */;
			projectDirPath = "";
			projectRoot = "";
			targets = (
				C867D05E26B7585A00B75487 /* Parstagram */,
				C867D07426B7585D00B75487 /* ParstagramTests */,
				C867D07F26B7585D00B75487 /* ParstagramUITests */,
			);
		};
/* End PBXProject section */

/* Begin PBXResourcesBuildPhase section */
		C867D05D26B7585A00B75487 /* Resources */ = {
			isa = PBXResourcesBuildPhase;
			buildActionMask = 2147483647;
			files = (
				C867D06F26B7585D00B75487 /* LaunchScreen.storyboard in Resources */,
				C867D06C26B7585D00B75487 /* Assets.xcassets in Resources */,
				C867D06A26B7585A00B75487 /* Main.storyboard in Resources */,
			);
			runOnlyForDeploymentPostprocessing = 0;
		};
		C867D07326B7585D00B75487 /* Resources */ = {
			isa = PBXResourcesBuildPhase;
			buildActionMask = 2147483647;
			files = (
			);
			runOnlyForDeploymentPostprocessing = 0;
		};
		C867D07E26B7585D00B75487 /* Resources */ = {
			isa = PBXResourcesBuildPhase;
			buildActionMask = 2147483647;
			files = (
			);
			runOnlyForDeploymentPostprocessing = 0;
		};
/* End PBXResourcesBuildPhase section */

/* Begin PBXShellScriptBuildPhase section */
		27CDC4E28779902EA05C9593 /* [CP] Embed Pods Frameworks */ = {
			isa = PBXShellScriptBuildPhase;
			buildActionMask = 2147483647;
			files = (
			);
			inputFileListPaths = (
				"${PODS_ROOT}/Target Support Files/Pods-Parstagram/Pods-Parstagram-frameworks-${CONFIGURATION}-input-files.xcfilelist",
			);
			name = "[CP] Embed Pods Frameworks";
			outputFileListPaths = (
				"${PODS_ROOT}/Target Support Files/Pods-Parstagram/Pods-Parstagram-frameworks-${CONFIGURATION}-output-files.xcfilelist",
			);
			runOnlyForDeploymentPostprocessing = 0;
			shellPath = /bin/sh;
			shellScript = "\"${PODS_ROOT}/Target Support Files/Pods-Parstagram/Pods-Parstagram-frameworks.sh\"\n";
			showEnvVarsInLog = 0;
		};
		317CE8DDA91D4EDB7F3C77DF /* [CP] Check Pods Manifest.lock */ = {
			isa = PBXShellScriptBuildPhase;
			buildActionMask = 2147483647;
			files = (
			);
			inputFileListPaths = (
			);
			inputPaths = (
				"${PODS_PODFILE_DIR_PATH}/Podfile.lock",
				"${PODS_ROOT}/Manifest.lock",
			);
			name = "[CP] Check Pods Manifest.lock";
			outputFileListPaths = (
			);
			outputPaths = (
				"$(DERIVED_FILE_DIR)/Pods-Parstagram-ParstagramUITests-checkManifestLockResult.txt",
			);
			runOnlyForDeploymentPostprocessing = 0;
			shellPath = /bin/sh;
			shellScript = "diff \"${PODS_PODFILE_DIR_PATH}/Podfile.lock\" \"${PODS_ROOT}/Manifest.lock\" > /dev/null\nif [ $? != 0 ] ; then\n    # print error to STDERR\n    echo \"error: The sandbox is not in sync with the Podfile.lock. Run 'pod install' or update your CocoaPods installation.\" >&2\n    exit 1\nfi\n# This output is used by Xcode 'outputs' to avoid re-running this script phase.\necho \"SUCCESS\" > \"${SCRIPT_OUTPUT_FILE_0}\"\n";
			showEnvVarsInLog = 0;
		};
		6A6D0F969FC39697A536CA7D /* [CP] Check Pods Manifest.lock */ = {
			isa = PBXShellScriptBuildPhase;
			buildActionMask = 2147483647;
			files = (
			);
			inputFileListPaths = (
			);
			inputPaths = (
				"${PODS_PODFILE_DIR_PATH}/Podfile.lock",
				"${PODS_ROOT}/Manifest.lock",
			);
			name = "[CP] Check Pods Manifest.lock";
			outputFileListPaths = (
			);
			outputPaths = (
				"$(DERIVED_FILE_DIR)/Pods-ParstagramTests-checkManifestLockResult.txt",
			);
			runOnlyForDeploymentPostprocessing = 0;
			shellPath = /bin/sh;
			shellScript = "diff \"${PODS_PODFILE_DIR_PATH}/Podfile.lock\" \"${PODS_ROOT}/Manifest.lock\" > /dev/null\nif [ $? != 0 ] ; then\n    # print error to STDERR\n    echo \"error: The sandbox is not in sync with the Podfile.lock. Run 'pod install' or update your CocoaPods installation.\" >&2\n    exit 1\nfi\n# This output is used by Xcode 'outputs' to avoid re-running this script phase.\necho \"SUCCESS\" > \"${SCRIPT_OUTPUT_FILE_0}\"\n";
			showEnvVarsInLog = 0;
		};
		7F316DE912C868B2F10F5083 /* [CP] Embed Pods Frameworks */ = {
			isa = PBXShellScriptBuildPhase;
			buildActionMask = 2147483647;
			files = (
			);
			inputFileListPaths = (
				"${PODS_ROOT}/Target Support Files/Pods-Parstagram-ParstagramUITests/Pods-Parstagram-ParstagramUITests-frameworks-${CONFIGURATION}-input-files.xcfilelist",
			);
			name = "[CP] Embed Pods Frameworks";
			outputFileListPaths = (
				"${PODS_ROOT}/Target Support Files/Pods-Parstagram-ParstagramUITests/Pods-Parstagram-ParstagramUITests-frameworks-${CONFIGURATION}-output-files.xcfilelist",
			);
			runOnlyForDeploymentPostprocessing = 0;
			shellPath = /bin/sh;
			shellScript = "\"${PODS_ROOT}/Target Support Files/Pods-Parstagram-ParstagramUITests/Pods-Parstagram-ParstagramUITests-frameworks.sh\"\n";
			showEnvVarsInLog = 0;
		};
		D065E3CF546115FFDDE27A6C /* [CP] Check Pods Manifest.lock */ = {
			isa = PBXShellScriptBuildPhase;
			buildActionMask = 2147483647;
			files = (
			);
			inputFileListPaths = (
			);
			inputPaths = (
				"${PODS_PODFILE_DIR_PATH}/Podfile.lock",
				"${PODS_ROOT}/Manifest.lock",
			);
			name = "[CP] Check Pods Manifest.lock";
			outputFileListPaths = (
			);
			outputPaths = (
				"$(DERIVED_FILE_DIR)/Pods-Parstagram-checkManifestLockResult.txt",
			);
			runOnlyForDeploymentPostprocessing = 0;
			shellPath = /bin/sh;
			shellScript = "diff \"${PODS_PODFILE_DIR_PATH}/Podfile.lock\" \"${PODS_ROOT}/Manifest.lock\" > /dev/null\nif [ $? != 0 ] ; then\n    # print error to STDERR\n    echo \"error: The sandbox is not in sync with the Podfile.lock. Run 'pod install' or update your CocoaPods installation.\" >&2\n    exit 1\nfi\n# This output is used by Xcode 'outputs' to avoid re-running this script phase.\necho \"SUCCESS\" > \"${SCRIPT_OUTPUT_FILE_0}\"\n";
			showEnvVarsInLog = 0;
		};
/* End PBXShellScriptBuildPhase section */

/* Begin PBXSourcesBuildPhase section */
		C867D05B26B7585A00B75487 /* Sources */ = {
			isa = PBXSourcesBuildPhase;
			buildActionMask = 2147483647;
			files = (
				C867D0A726B75C2100B75487 /* LoginViewController.swift in Sources */,
				C826ADAA26B8BD220022EC77 /* CameraViewController.swift in Sources */,
				C867D06326B7585A00B75487 /* AppDelegate.swift in Sources */,
				C867D0AC26B75C2F00B75487 /* FeedViewController.swift in Sources */,
				C867D06526B7585A00B75487 /* SceneDelegate.swift in Sources */,
				C826ADAF26B8CF880022EC77 /* PostCell.swift in Sources */,
			);
			runOnlyForDeploymentPostprocessing = 0;
		};
		C867D07126B7585D00B75487 /* Sources */ = {
			isa = PBXSourcesBuildPhase;
			buildActionMask = 2147483647;
			files = (
				C867D07A26B7585D00B75487 /* ParstagramTests.swift in Sources */,
			);
			runOnlyForDeploymentPostprocessing = 0;
		};
		C867D07C26B7585D00B75487 /* Sources */ = {
			isa = PBXSourcesBuildPhase;
			buildActionMask = 2147483647;
			files = (
				C867D08526B7585D00B75487 /* ParstagramUITests.swift in Sources */,
			);
			runOnlyForDeploymentPostprocessing = 0;
		};
/* End PBXSourcesBuildPhase section */

/* Begin PBXTargetDependency section */
		C867D07726B7585D00B75487 /* PBXTargetDependency */ = {
			isa = PBXTargetDependency;
			target = C867D05E26B7585A00B75487 /* Parstagram */;
			targetProxy = C867D07626B7585D00B75487 /* PBXContainerItemProxy */;
		};
		C867D08226B7585D00B75487 /* PBXTargetDependency */ = {
			isa = PBXTargetDependency;
			target = C867D05E26B7585A00B75487 /* Parstagram */;
			targetProxy = C867D08126B7585D00B75487 /* PBXContainerItemProxy */;
		};
/* End PBXTargetDependency section */

/* Begin PBXVariantGroup section */
		C867D06826B7585A00B75487 /* Main.storyboard */ = {
			isa = PBXVariantGroup;
			children = (
				C867D06926B7585A00B75487 /* Base */,
			);
			name = Main.storyboard;
			sourceTree = "<group>";
		};
		C867D06D26B7585D00B75487 /* LaunchScreen.storyboard */ = {
			isa = PBXVariantGroup;
			children = (
				C867D06E26B7585D00B75487 /* Base */,
			);
			name = LaunchScreen.storyboard;
			sourceTree = "<group>";
		};
/* End PBXVariantGroup section */

/* Begin XCBuildConfiguration section */
		C867D08726B7585D00B75487 /* Debug */ = {
			isa = XCBuildConfiguration;
			buildSettings = {
				ALWAYS_SEARCH_USER_PATHS = NO;
				CLANG_ANALYZER_NONNULL = YES;
				CLANG_ANALYZER_NUMBER_OBJECT_CONVERSION = YES_AGGRESSIVE;
				CLANG_CXX_LANGUAGE_STANDARD = "gnu++14";
				CLANG_CXX_LIBRARY = "libc++";
				CLANG_ENABLE_MODULES = YES;
				CLANG_ENABLE_OBJC_ARC = YES;
				CLANG_ENABLE_OBJC_WEAK = YES;
				CLANG_WARN_BLOCK_CAPTURE_AUTORELEASING = YES;
				CLANG_WARN_BOOL_CONVERSION = YES;
				CLANG_WARN_COMMA = YES;
				CLANG_WARN_CONSTANT_CONVERSION = YES;
				CLANG_WARN_DEPRECATED_OBJC_IMPLEMENTATIONS = YES;
				CLANG_WARN_DIRECT_OBJC_ISA_USAGE = YES_ERROR;
				CLANG_WARN_DOCUMENTATION_COMMENTS = YES;
				CLANG_WARN_EMPTY_BODY = YES;
				CLANG_WARN_ENUM_CONVERSION = YES;
				CLANG_WARN_INFINITE_RECURSION = YES;
				CLANG_WARN_INT_CONVERSION = YES;
				CLANG_WARN_NON_LITERAL_NULL_CONVERSION = YES;
				CLANG_WARN_OBJC_IMPLICIT_RETAIN_SELF = YES;
				CLANG_WARN_OBJC_LITERAL_CONVERSION = YES;
				CLANG_WARN_OBJC_ROOT_CLASS = YES_ERROR;
				CLANG_WARN_QUOTED_INCLUDE_IN_FRAMEWORK_HEADER = YES;
				CLANG_WARN_RANGE_LOOP_ANALYSIS = YES;
				CLANG_WARN_STRICT_PROTOTYPES = YES;
				CLANG_WARN_SUSPICIOUS_MOVE = YES;
				CLANG_WARN_UNGUARDED_AVAILABILITY = YES_AGGRESSIVE;
				CLANG_WARN_UNREACHABLE_CODE = YES;
				CLANG_WARN__DUPLICATE_METHOD_MATCH = YES;
				COPY_PHASE_STRIP = NO;
				DEBUG_INFORMATION_FORMAT = dwarf;
				ENABLE_STRICT_OBJC_MSGSEND = YES;
				ENABLE_TESTABILITY = YES;
				GCC_C_LANGUAGE_STANDARD = gnu11;
				GCC_DYNAMIC_NO_PIC = NO;
				GCC_NO_COMMON_BLOCKS = YES;
				GCC_OPTIMIZATION_LEVEL = 0;
				GCC_PREPROCESSOR_DEFINITIONS = (
					"DEBUG=1",
					"$(inherited)",
				);
				GCC_WARN_64_TO_32_BIT_CONVERSION = YES;
				GCC_WARN_ABOUT_RETURN_TYPE = YES_ERROR;
				GCC_WARN_UNDECLARED_SELECTOR = YES;
				GCC_WARN_UNINITIALIZED_AUTOS = YES_AGGRESSIVE;
				GCC_WARN_UNUSED_FUNCTION = YES;
				GCC_WARN_UNUSED_VARIABLE = YES;
				IPHONEOS_DEPLOYMENT_TARGET = 14.4;
				MTL_ENABLE_DEBUG_INFO = INCLUDE_SOURCE;
				MTL_FAST_MATH = YES;
				ONLY_ACTIVE_ARCH = YES;
				SDKROOT = iphoneos;
				SWIFT_ACTIVE_COMPILATION_CONDITIONS = DEBUG;
				SWIFT_OPTIMIZATION_LEVEL = "-Onone";
			};
			name = Debug;
		};
		C867D08826B7585D00B75487 /* Release */ = {
			isa = XCBuildConfiguration;
			buildSettings = {
				ALWAYS_SEARCH_USER_PATHS = NO;
				CLANG_ANALYZER_NONNULL = YES;
				CLANG_ANALYZER_NUMBER_OBJECT_CONVERSION = YES_AGGRESSIVE;
				CLANG_CXX_LANGUAGE_STANDARD = "gnu++14";
				CLANG_CXX_LIBRARY = "libc++";
				CLANG_ENABLE_MODULES = YES;
				CLANG_ENABLE_OBJC_ARC = YES;
				CLANG_ENABLE_OBJC_WEAK = YES;
				CLANG_WARN_BLOCK_CAPTURE_AUTORELEASING = YES;
				CLANG_WARN_BOOL_CONVERSION = YES;
				CLANG_WARN_COMMA = YES;
				CLANG_WARN_CONSTANT_CONVERSION = YES;
				CLANG_WARN_DEPRECATED_OBJC_IMPLEMENTATIONS = YES;
				CLANG_WARN_DIRECT_OBJC_ISA_USAGE = YES_ERROR;
				CLANG_WARN_DOCUMENTATION_COMMENTS = YES;
				CLANG_WARN_EMPTY_BODY = YES;
				CLANG_WARN_ENUM_CONVERSION = YES;
				CLANG_WARN_INFINITE_RECURSION = YES;
				CLANG_WARN_INT_CONVERSION = YES;
				CLANG_WARN_NON_LITERAL_NULL_CONVERSION = YES;
				CLANG_WARN_OBJC_IMPLICIT_RETAIN_SELF = YES;
				CLANG_WARN_OBJC_LITERAL_CONVERSION = YES;
				CLANG_WARN_OBJC_ROOT_CLASS = YES_ERROR;
				CLANG_WARN_QUOTED_INCLUDE_IN_FRAMEWORK_HEADER = YES;
				CLANG_WARN_RANGE_LOOP_ANALYSIS = YES;
				CLANG_WARN_STRICT_PROTOTYPES = YES;
				CLANG_WARN_SUSPICIOUS_MOVE = YES;
				CLANG_WARN_UNGUARDED_AVAILABILITY = YES_AGGRESSIVE;
				CLANG_WARN_UNREACHABLE_CODE = YES;
				CLANG_WARN__DUPLICATE_METHOD_MATCH = YES;
				COPY_PHASE_STRIP = NO;
				DEBUG_INFORMATION_FORMAT = "dwarf-with-dsym";
				ENABLE_NS_ASSERTIONS = NO;
				ENABLE_STRICT_OBJC_MSGSEND = YES;
				GCC_C_LANGUAGE_STANDARD = gnu11;
				GCC_NO_COMMON_BLOCKS = YES;
				GCC_WARN_64_TO_32_BIT_CONVERSION = YES;
				GCC_WARN_ABOUT_RETURN_TYPE = YES_ERROR;
				GCC_WARN_UNDECLARED_SELECTOR = YES;
				GCC_WARN_UNINITIALIZED_AUTOS = YES_AGGRESSIVE;
				GCC_WARN_UNUSED_FUNCTION = YES;
				GCC_WARN_UNUSED_VARIABLE = YES;
				IPHONEOS_DEPLOYMENT_TARGET = 14.4;
				MTL_ENABLE_DEBUG_INFO = NO;
				MTL_FAST_MATH = YES;
				SDKROOT = iphoneos;
				SWIFT_COMPILATION_MODE = wholemodule;
				SWIFT_OPTIMIZATION_LEVEL = "-O";
				VALIDATE_PRODUCT = YES;
			};
			name = Release;
		};
		C867D08A26B7585D00B75487 /* Debug */ = {
			isa = XCBuildConfiguration;
			baseConfigurationReference = 42565BAA597495B9013806CC /* Pods-Parstagram.debug.xcconfig */;
			buildSettings = {
				ASSETCATALOG_COMPILER_APPICON_NAME = AppIcon;
				ASSETCATALOG_COMPILER_GLOBAL_ACCENT_COLOR_NAME = AccentColor;
				CODE_SIGN_STYLE = Automatic;
				INFOPLIST_FILE = Parstagram/Info.plist;
				LD_RUNPATH_SEARCH_PATHS = (
					"$(inherited)",
					"@executable_path/Frameworks",
				);
				PRODUCT_BUNDLE_IDENTIFIER = codepath.Parstagram;
				PRODUCT_NAME = "$(TARGET_NAME)";
				SWIFT_VERSION = 5.0;
				TARGETED_DEVICE_FAMILY = "1,2";
			};
			name = Debug;
		};
		C867D08B26B7585D00B75487 /* Release */ = {
			isa = XCBuildConfiguration;
			baseConfigurationReference = 83C3A85662032F99B8FE9D30 /* Pods-Parstagram.release.xcconfig */;
			buildSettings = {
				ASSETCATALOG_COMPILER_APPICON_NAME = AppIcon;
				ASSETCATALOG_COMPILER_GLOBAL_ACCENT_COLOR_NAME = AccentColor;
				CODE_SIGN_STYLE = Automatic;
				INFOPLIST_FILE = Parstagram/Info.plist;
				LD_RUNPATH_SEARCH_PATHS = (
					"$(inherited)",
					"@executable_path/Frameworks",
				);
				PRODUCT_BUNDLE_IDENTIFIER = codepath.Parstagram;
				PRODUCT_NAME = "$(TARGET_NAME)";
				SWIFT_VERSION = 5.0;
				TARGETED_DEVICE_FAMILY = "1,2";
			};
			name = Release;
		};
		C867D08D26B7585D00B75487 /* Debug */ = {
			isa = XCBuildConfiguration;
			baseConfigurationReference = C5B04BB4758177227646B83A /* Pods-ParstagramTests.debug.xcconfig */;
			buildSettings = {
				ALWAYS_EMBED_SWIFT_STANDARD_LIBRARIES = YES;
				BUNDLE_LOADER = "$(TEST_HOST)";
				CODE_SIGN_STYLE = Automatic;
				INFOPLIST_FILE = ParstagramTests/Info.plist;
				IPHONEOS_DEPLOYMENT_TARGET = 14.4;
				LD_RUNPATH_SEARCH_PATHS = (
					"$(inherited)",
					"@executable_path/Frameworks",
					"@loader_path/Frameworks",
				);
				PRODUCT_BUNDLE_IDENTIFIER = codepath.ParstagramTests;
				PRODUCT_NAME = "$(TARGET_NAME)";
				SWIFT_VERSION = 5.0;
				TARGETED_DEVICE_FAMILY = "1,2";
				TEST_HOST = "$(BUILT_PRODUCTS_DIR)/Parstagram.app/Parstagram";
			};
			name = Debug;
		};
		C867D08E26B7585D00B75487 /* Release */ = {
			isa = XCBuildConfiguration;
			baseConfigurationReference = 2EB28C6EB6E0DD53280F5F0D /* Pods-ParstagramTests.release.xcconfig */;
			buildSettings = {
				ALWAYS_EMBED_SWIFT_STANDARD_LIBRARIES = YES;
				BUNDLE_LOADER = "$(TEST_HOST)";
				CODE_SIGN_STYLE = Automatic;
				INFOPLIST_FILE = ParstagramTests/Info.plist;
				IPHONEOS_DEPLOYMENT_TARGET = 14.4;
				LD_RUNPATH_SEARCH_PATHS = (
					"$(inherited)",
					"@executable_path/Frameworks",
					"@loader_path/Frameworks",
				);
				PRODUCT_BUNDLE_IDENTIFIER = codepath.ParstagramTests;
				PRODUCT_NAME = "$(TARGET_NAME)";
				SWIFT_VERSION = 5.0;
				TARGETED_DEVICE_FAMILY = "1,2";
				TEST_HOST = "$(BUILT_PRODUCTS_DIR)/Parstagram.app/Parstagram";
			};
			name = Release;
		};
		C867D09026B7585D00B75487 /* Debug */ = {
			isa = XCBuildConfiguration;
			baseConfigurationReference = EB938A72881821E57B135AAF /* Pods-Parstagram-ParstagramUITests.debug.xcconfig */;
			buildSettings = {
				ALWAYS_EMBED_SWIFT_STANDARD_LIBRARIES = YES;
				CODE_SIGN_STYLE = Automatic;
				INFOPLIST_FILE = ParstagramUITests/Info.plist;
				LD_RUNPATH_SEARCH_PATHS = (
					"$(inherited)",
					"@executable_path/Frameworks",
					"@loader_path/Frameworks",
				);
				PRODUCT_BUNDLE_IDENTIFIER = codepath.ParstagramUITests;
				PRODUCT_NAME = "$(TARGET_NAME)";
				SWIFT_VERSION = 5.0;
				TARGETED_DEVICE_FAMILY = "1,2";
				TEST_TARGET_NAME = Parstagram;
			};
			name = Debug;
		};
		C867D09126B7585D00B75487 /* Release */ = {
			isa = XCBuildConfiguration;
			baseConfigurationReference = D0E340D8EA53934CD42DE20C /* Pods-Parstagram-ParstagramUITests.release.xcconfig */;
			buildSettings = {
				ALWAYS_EMBED_SWIFT_STANDARD_LIBRARIES = YES;
				CODE_SIGN_STYLE = Automatic;
				INFOPLIST_FILE = ParstagramUITests/Info.plist;
				LD_RUNPATH_SEARCH_PATHS = (
					"$(inherited)",
					"@executable_path/Frameworks",
					"@loader_path/Frameworks",
				);
				PRODUCT_BUNDLE_IDENTIFIER = codepath.ParstagramUITests;
				PRODUCT_NAME = "$(TARGET_NAME)";
				SWIFT_VERSION = 5.0;
				TARGETED_DEVICE_FAMILY = "1,2";
				TEST_TARGET_NAME = Parstagram;
			};
			name = Release;
		};
/* End XCBuildConfiguration section */

/* Begin XCConfigurationList section */
		C867D05A26B7585A00B75487 /* Build configuration list for PBXProject "Parstagram" */ = {
			isa = XCConfigurationList;
			buildConfigurations = (
				C867D08726B7585D00B75487 /* Debug */,
				C867D08826B7585D00B75487 /* Release */,
			);
			defaultConfigurationIsVisible = 0;
			defaultConfigurationName = Release;
		};
		C867D08926B7585D00B75487 /* Build configuration list for PBXNativeTarget "Parstagram" */ = {
			isa = XCConfigurationList;
			buildConfigurations = (
				C867D08A26B7585D00B75487 /* Debug */,
				C867D08B26B7585D00B75487 /* Release */,
			);
			defaultConfigurationIsVisible = 0;
			defaultConfigurationName = Release;
		};
		C867D08C26B7585D00B75487 /* Build configuration list for PBXNativeTarget "ParstagramTests" */ = {
			isa = XCConfigurationList;
			buildConfigurations = (
				C867D08D26B7585D00B75487 /* Debug */,
				C867D08E26B7585D00B75487 /* Release */,
			);
			defaultConfigurationIsVisible = 0;
			defaultConfigurationName = Release;
		};
		C867D08F26B7585D00B75487 /* Build configuration list for PBXNativeTarget "ParstagramUITests" */ = {
			isa = XCConfigurationList;
			buildConfigurations = (
				C867D09026B7585D00B75487 /* Debug */,
				C867D09126B7585D00B75487 /* Release */,
			);
			defaultConfigurationIsVisible = 0;
			defaultConfigurationName = Release;
		};
/* End XCConfigurationList section */
	};
	rootObject = C867D05726B7585A00B75487 /* Project object */;
}
